// !$*UTF8*$!
{
	archiveVersion = 1;
	classes = {
	};
	objectVersion = 46;
	objects = {

/* Begin PBXBuildFile section */
		2653A57B1AFF75C0004D9B87 /* AppDelegate.swift in Sources */ = {isa = PBXBuildFile; fileRef = 2653A57A1AFF75C0004D9B87 /* AppDelegate.swift */; };
		2653A57D1AFF75C0004D9B87 /* ViewController.swift in Sources */ = {isa = PBXBuildFile; fileRef = 2653A57C1AFF75C0004D9B87 /* ViewController.swift */; };
		2653A5801AFF75C0004D9B87 /* Main.storyboard in Resources */ = {isa = PBXBuildFile; fileRef = 2653A57E1AFF75C0004D9B87 /* Main.storyboard */; };
		2653A5821AFF75C0004D9B87 /* Images.xcassets in Resources */ = {isa = PBXBuildFile; fileRef = 2653A5811AFF75C0004D9B87 /* Images.xcassets */; };
		2653A5851AFF75C0004D9B87 /* LaunchScreen.xib in Resources */ = {isa = PBXBuildFile; fileRef = 2653A5831AFF75C0004D9B87 /* LaunchScreen.xib */; };
		2653A5911AFF75C0004D9B87 /* ShoeConverterTests.swift in Sources */ = {isa = PBXBuildFile; fileRef = 2653A5901AFF75C0004D9B87 /* ShoeConverterTests.swift */; };
/* End PBXBuildFile section */

/* Begin PBXContainerItemProxy section */
		2653A58B1AFF75C0004D9B87 /* PBXContainerItemProxy */ = {
			isa = PBXContainerItemProxy;
			containerPortal = 2653A56D1AFF75C0004D9B87 /* Project object */;
			proxyType = 1;
			remoteGlobalIDString = 2653A5741AFF75C0004D9B87;
			remoteInfo = ShoeConverter;
		};
/* End PBXContainerItemProxy section */

/* Begin PBXFileReference section */
		2653A5751AFF75C0004D9B87 /* ShoeConverter.app */ = {isa = PBXFileReference; explicitFileType = wrapper.application; includeInIndex = 0; path = ShoeConverter.app; sourceTree = BUILT_PRODUCTS_DIR; };
		2653A5791AFF75C0004D9B87 /* Info.plist */ = {isa = PBXFileReference; lastKnownFileType = text.plist.xml; path = Info.plist; sourceTree = "<group>"; };
		2653A57A1AFF75C0004D9B87 /* AppDelegate.swift */ = {isa = PBXFileReference; lastKnownFileType = sourcecode.swift; path = AppDelegate.swift; sourceTree = "<group>"; };
		2653A57C1AFF75C0004D9B87 /* ViewController.swift */ = {isa = PBXFileReference; lastKnownFileType = sourcecode.swift; path = ViewController.swift; sourceTree = "<group>"; };
		2653A57F1AFF75C0004D9B87 /* Base */ = {isa = PBXFileReference; lastKnownFileType = file.storyboard; name = Base; path = Base.lproj/Main.storyboard; sourceTree = "<group>"; };
		2653A5811AFF75C0004D9B87 /* Images.xcassets */ = {isa = PBXFileReference; lastKnownFileType = folder.assetcatalog; path = Images.xcassets; sourceTree = "<group>"; };
		2653A5841AFF75C0004D9B87 /* Base */ = {isa = PBXFileReference; lastKnownFileType = file.xib; name = Base; path = Base.lproj/LaunchScreen.xib; sourceTree = "<group>"; };
		2653A58A1AFF75C0004D9B87 /* ShoeConverterTests.xctest */ = {isa = PBXFileReference; explicitFileType = wrapper.cfbundle; includeInIndex = 0; path = ShoeConverterTests.xctest; sourceTree = BUILT_PRODUCTS_DIR; };
		2653A58F1AFF75C0004D9B87 /* Info.plist */ = {isa = PBXFileReference; lastKnownFileType = text.plist.xml; path = Info.plist; sourceTree = "<group>"; };
		2653A5901AFF75C0004D9B87 /* ShoeConverterTests.swift */ = {isa = PBXFileReference; lastKnownFileType = sourcecode.swift; path = ShoeConverterTests.swift; sourceTree = "<group>"; };
/* End PBXFileReference section */

/* Begin PBXFrameworksBuildPhase section */
		2653A5721AFF75C0004D9B87 /* Frameworks */ = {
			isa = PBXFrameworksBuildPhase;
			buildActionMask = 2147483647;
			files = (
			);
			runOnlyForDeploymentPostprocessing = 0;
		};
		2653A5871AFF75C0004D9B87 /* Frameworks */ = {
			isa = PBXFrameworksBuildPhase;
			buildActionMask = 2147483647;
			files = (
			);
			runOnlyForDeploymentPostprocessing = 0;
		};
/* End PBXFrameworksBuildPhase section */

/* Begin PBXGroup section */
		2653A56C1AFF75C0004D9B87 = {
			isa = PBXGroup;
			children = (
				2653A5771AFF75C0004D9B87 /* ShoeConverter */,
				2653A58D1AFF75C0004D9B87 /* ShoeConverterTests */,
				2653A5761AFF75C0004D9B87 /* Products */,
			);
			sourceTree = "<group>";
		};
		2653A5761AFF75C0004D9B87 /* Products */ = {
			isa = PBXGroup;
			children = (
				2653A5751AFF75C0004D9B87 /* ShoeConverter.app */,
				2653A58A1AFF75C0004D9B87 /* ShoeConverterTests.xctest */,
			);
			name = Products;
			sourceTree = "<group>";
		};
		2653A5771AFF75C0004D9B87 /* ShoeConverter */ = {
			isa = PBXGroup;
			children = (
				2653A57A1AFF75C0004D9B87 /* AppDelegate.swift */,
				2653A57C1AFF75C0004D9B87 /* ViewController.swift */,
				2653A57E1AFF75C0004D9B87 /* Main.storyboard */,
				2653A5811AFF75C0004D9B87 /* Images.xcassets */,
				2653A5831AFF75C0004D9B87 /* LaunchScreen.xib */,
				2653A5781AFF75C0004D9B87 /* Supporting Files */,
			);
			path = ShoeConverter;
			sourceTree = "<group>";
		};
		2653A5781AFF75C0004D9B87 /* Supporting Files */ = {
			isa = PBXGroup;
			children = (
				2653A5791AFF75C0004D9B87 /* Info.plist */,
			);
			name = "Supporting Files";
			sourceTree = "<group>";
		};
		2653A58D1AFF75C0004D9B87 /* ShoeConverterTests */ = {
			isa = PBXGroup;
			children = (
				2653A5901AFF75C0004D9B87 /* ShoeConverterTests.swift */,
				2653A58E1AFF75C0004D9B87 /* Supporting Files */,
			);
			path = ShoeConverterTests;
			sourceTree = "<group>";
		};
		2653A58E1AFF75C0004D9B87 /* Supporting Files */ = {
			isa = PBXGroup;
			children = (
				2653A58F1AFF75C0004D9B87 /* Info.plist */,
			);
			name = "Supporting Files";
			sourceTree = "<group>";
		};
/* End PBXGroup section */

/* Begin PBXNativeTarget section */
		2653A5741AFF75C0004D9B87 /* ShoeConverter */ = {
			isa = PBXNativeTarget;
			buildConfigurationList = 2653A5941AFF75C0004D9B87 /* Build configuration list for PBXNativeTarget "ShoeConverter" */;
			buildPhases = (
				2653A5711AFF75C0004D9B87 /* Sources */,
				2653A5721AFF75C0004D9B87 /* Frameworks */,
				2653A5731AFF75C0004D9B87 /* Resources */,
			);
			buildRules = (
			);
			dependencies = (
			);
			name = ShoeConverter;
			productName = ShoeConverter;
			productReference = 2653A5751AFF75C0004D9B87 /* ShoeConverter.app */;
			productType = "com.apple.product-type.application";
		};
		2653A5891AFF75C0004D9B87 /* ShoeConverterTests */ = {
			isa = PBXNativeTarget;
			buildConfigurationList = 2653A5971AFF75C0004D9B87 /* Build configuration list for PBXNativeTarget "ShoeConverterTests" */;
			buildPhases = (
				2653A5861AFF75C0004D9B87 /* Sources */,
				2653A5871AFF75C0004D9B87 /* Frameworks */,
				2653A5881AFF75C0004D9B87 /* Resources */,
			);
			buildRules = (
			);
			dependencies = (
				2653A58C1AFF75C0004D9B87 /* PBXTargetDependency */,
			);
			name = ShoeConverterTests;
			productName = ShoeConverterTests;
			productReference = 2653A58A1AFF75C0004D9B87 /* ShoeConverterTests.xctest */;
			productType = "com.apple.product-type.bundle.unit-test";
		};
/* End PBXNativeTarget section */

/* Begin PBXProject section */
		2653A56D1AFF75C0004D9B87 /* Project object */ = {
			isa = PBXProject;
			attributes = {
				LastUpgradeCheck = 0620;
				ORGANIZATIONNAME = "Grzegorz Aperliński";
				TargetAttributes = {
					2653A5741AFF75C0004D9B87 = {
						CreatedOnToolsVersion = 6.2;
					};
					2653A5891AFF75C0004D9B87 = {
						CreatedOnToolsVersion = 6.2;
						TestTargetID = 2653A5741AFF75C0004D9B87;
					};
				};
			};
			buildConfigurationList = 2653A5701AFF75C0004D9B87 /* Build configuration list for PBXProject "ShoeConverter" */;
			compatibilityVersion = "Xcode 3.2";
			developmentRegion = English;
			hasScannedForEncodings = 0;
			knownRegions = (
				en,
				Base,
			);
			mainGroup = 2653A56C1AFF75C0004D9B87;
			productRefGroup = 2653A5761AFF75C0004D9B87 /* Products */;
			projectDirPath = "";
			projectRoot = "";
			targets = (
				2653A5741AFF75C0004D9B87 /* ShoeConverter */,
				2653A5891AFF75C0004D9B87 /* ShoeConverterTests */,
			);
		};
/* End PBXProject section */

/* Begin PBXResourcesBuildPhase section */
		2653A5731AFF75C0004D9B87 /* Resources */ = {
			isa = PBXResourcesBuildPhase;
			buildActionMask = 2147483647;
			files = (
				2653A5801AFF75C0004D9B87 /* Main.storyboard in Resources */,
				2653A5851AFF75C0004D9B87 /* LaunchScreen.xib in Resources */,
				2653A5821AFF75C0004D9B87 /* Images.xcassets in Resources */,
			);
			runOnlyForDeploymentPostprocessing = 0;
		};
		2653A5881AFF75C0004D9B87 /* Resources */ = {
			isa = PBXResourcesBuildPhase;
			buildActionMask = 2147483647;
			files = (
			);
			runOnlyForDeploymentPostprocessing = 0;
		};
/* End PBXResourcesBuildPhase section */

/* Begin PBXSourcesBuildPhase section */
		2653A5711AFF75C0004D9B87 /* Sources */ = {
			isa = PBXSourcesBuildPhase;
			buildActionMask = 2147483647;
			files = (
				2653A57D1AFF75C0004D9B87 /* ViewController.swift in Sources */,
				2653A57B1AFF75C0004D9B87 /* AppDelegate.swift in Sources */,
			);
			runOnlyForDeploymentPostprocessing = 0;
		};
		2653A5861AFF75C0004D9B87 /* Sources */ = {
			isa = PBXSourcesBuildPhase;
			buildActionMask = 2147483647;
			files = (
				2653A5911AFF75C0004D9B87 /* ShoeConverterTests.swift in Sources */,
			);
			runOnlyForDeploymentPostprocessing = 0;
		};
/* End PBXSourcesBuildPhase section */

/* Begin PBXTargetDependency section */
		2653A58C1AFF75C0004D9B87 /* PBXTargetDependency */ = {
			isa = PBXTargetDependency;
			target = 2653A5741AFF75C0004D9B87 /* ShoeConverter */;
			targetProxy = 2653A58B1AFF75C0004D9B87 /* PBXContainerItemProxy */;
		};
/* End PBXTargetDependency section */

/* Begin PBXVariantGroup section */
		2653A57E1AFF75C0004D9B87 /* Main.storyboard */ = {
			isa = PBXVariantGroup;
			children = (
				2653A57F1AFF75C0004D9B87 /* Base */,
			);
			name = Main.storyboard;
			sourceTree = "<group>";
		};
		2653A5831AFF75C0004D9B87 /* LaunchScreen.xib */ = {
			isa = PBXVariantGroup;
			children = (
				2653A5841AFF75C0004D9B87 /* Base */,
			);
			name = LaunchScreen.xib;
			sourceTree = "<group>";
		};
/* End PBXVariantGroup section */

/* Begin XCBuildConfiguration section */
		2653A5921AFF75C0004D9B87 /* Debug */ = {
			isa = XCBuildConfiguration;
			buildSettings = {
				ALWAYS_SEARCH_USER_PATHS = NO;
				CLANG_CXX_LANGUAGE_STANDARD = "gnu++0x";
				CLANG_CXX_LIBRARY = "libc++";
				CLANG_ENABLE_MODULES = YES;
				CLANG_ENABLE_OBJC_ARC = YES;
				CLANG_WARN_BOOL_CONVERSION = YES;
				CLANG_WARN_CONSTANT_CONVERSION = YES;
				CLANG_WARN_DIRECT_OBJC_ISA_USAGE = YES_ERROR;
				CLANG_WARN_EMPTY_BODY = YES;
				CLANG_WARN_ENUM_CONVERSION = YES;
				CLANG_WARN_INT_CONVERSION = YES;
				CLANG_WARN_OBJC_ROOT_CLASS = YES_ERROR;
				CLANG_WARN_UNREACHABLE_CODE = YES;
				CLANG_WARN__DUPLICATE_METHOD_MATCH = YES;
				"CODE_SIGN_IDENTITY[sdk=iphoneos*]" = "iPhone Developer";
				COPY_PHASE_STRIP = NO;
				ENABLE_STRICT_OBJC_MSGSEND = YES;
				GCC_C_LANGUAGE_STANDARD = gnu99;
				GCC_DYNAMIC_NO_PIC = NO;
				GCC_OPTIMIZATION_LEVEL = 0;
				GCC_PREPROCESSOR_DEFINITIONS = (
					"DEBUG=1",
					"$(inherited)",
				);
				GCC_SYMBOLS_PRIVATE_EXTERN = NO;
				GCC_WARN_64_TO_32_BIT_CONVERSION = YES;
				GCC_WARN_ABOUT_RETURN_TYPE = YES_ERROR;
				GCC_WARN_UNDECLARED_SELECTOR = YES;
				GCC_WARN_UNINITIALIZED_AUTOS = YES_AGGRESSIVE;
				GCC_WARN_UNUSED_FUNCTION = YES;
				GCC_WARN_UNUSED_VARIABLE = YES;
				IPHONEOS_DEPLOYMENT_TARGET = 8.2;
				MTL_ENABLE_DEBUG_INFO = YES;
				ONLY_ACTIVE_ARCH = YES;
				SDKROOT = iphoneos;
				SWIFT_OPTIMIZATION_LEVEL = "-Onone";
				TARGETED_DEVICE_FAMILY = "1,2";
			};
			name = Debug;
		};
		2653A5931AFF75C0004D9B87 /* Release */ = {
			isa = XCBuildConfiguration;
			buildSettings = {
				ALWAYS_SEARCH_USER_PATHS = NO;
				CLANG_CXX_LANGUAGE_STANDARD = "gnu++0x";
				CLANG_CXX_LIBRARY = "libc++";
				CLANG_ENABLE_MODULES = YES;
				CLANG_ENABLE_OBJC_ARC = YES;
				CLANG_WARN_BOOL_CONVERSION = YES;
				CLANG_WARN_CONSTANT_CONVERSION = YES;
				CLANG_WARN_DIRECT_OBJC_ISA_USAGE = YES_ERROR;
				CLANG_WARN_EMPTY_BODY = YES;
				CLANG_WARN_ENUM_CONVERSION = YES;
				CLANG_WARN_INT_CONVERSION = YES;
				CLANG_WARN_OBJC_ROOT_CLASS = YES_ERROR;
				CLANG_WARN_UNREACHABLE_CODE = YES;
				CLANG_WARN__DUPLICATE_METHOD_MATCH = YES;
				"CODE_SIGN_IDENTITY[sdk=iphoneos*]" = "iPhone Developer";
				COPY_PHASE_STRIP = NO;
				ENABLE_NS_ASSERTIONS = NO;
				ENABLE_STRICT_OBJC_MSGSEND = YES;
				GCC_C_LANGUAGE_STANDARD = gnu99;
				GCC_WARN_64_TO_32_BIT_CONVERSION = YES;
				GCC_WARN_ABOUT_RETURN_TYPE = YES_ERROR;
				GCC_WARN_UNDECLARED_SELECTOR = YES;
				GCC_WARN_UNINITIALIZED_AUTOS = YES_AGGRESSIVE;
				GCC_WARN_UNUSED_FUNCTION = YES;
				GCC_WARN_UNUSED_VARIABLE = YES;
				IPHONEOS_DEPLOYMENT_TARGET = 8.2;
				MTL_ENABLE_DEBUG_INFO = NO;
				SDKROOT = iphoneos;
				TARGETED_DEVICE_FAMILY = "1,2";
				VALIDATE_PRODUCT = YES;
			};
			name = Release;
		};
		2653A5951AFF75C0004D9B87 /* Debug */ = {
			isa = XCBuildConfiguration;
			buildSettings = {
				ASSETCATALOG_COMPILER_APPICON_NAME = AppIcon;
				INFOPLIST_FILE = ShoeConverter/Info.plist;
				IPHONEOS_DEPLOYMENT_TARGET = 8.0;
				LD_RUNPATH_SEARCH_PATHS = "$(inherited) @executable_path/Frameworks";
				PRODUCT_NAME = "$(TARGET_NAME)";
			};
			name = Debug;
		};
		2653A5961AFF75C0004D9B87 /* Release */ = {
			isa = XCBuildConfiguration;
			buildSettings = {
				ASSETCATALOG_COMPILER_APPICON_NAME = AppIcon;
				INFOPLIST_FILE = ShoeConverter/Info.plist;
				IPHONEOS_DEPLOYMENT_TARGET = 8.0;
				LD_RUNPATH_SEARCH_PATHS = "$(inherited) @executable_path/Frameworks";
				PRODUCT_NAME = "$(TARGET_NAME)";
			};
			name = Release;
		};
		2653A5981AFF75C0004D9B87 /* Debug */ = {
			isa = XCBuildConfiguration;
			buildSettings = {
				BUNDLE_LOADER = "$(TEST_HOST)";
				FRAMEWORK_SEARCH_PATHS = (
					"$(SDKROOT)/Developer/Library/Frameworks",
					"$(inherited)",
				);
				GCC_PREPROCESSOR_DEFINITIONS = (
					"DEBUG=1",
					"$(inherited)",
				);
				INFOPLIST_FILE = ShoeConverterTests/Info.plist;
				LD_RUNPATH_SEARCH_PATHS = "$(inherited) @executable_path/Frameworks @loader_path/Frameworks";
				PRODUCT_NAME = "$(TARGET_NAME)";
				TEST_HOST = "$(BUILT_PRODUCTS_DIR)/ShoeConverter.app/ShoeConverter";
			};
			name = Debug;
		};
		2653A5991AFF75C0004D9B87 /* Release */ = {
			isa = XCBuildConfiguration;
			buildSettings = {
				BUNDLE_LOADER = "$(TEST_HOST)";
				FRAMEWORK_SEARCH_PATHS = (
					"$(SDKROOT)/Developer/Library/Frameworks",
					"$(inherited)",
				);
				INFOPLIST_FILE = ShoeConverterTests/Info.plist;
				LD_RUNPATH_SEARCH_PATHS = "$(inherited) @executable_path/Frameworks @loader_path/Frameworks";
				PRODUCT_NAME = "$(TARGET_NAME)";
				TEST_HOST = "$(BUILT_PRODUCTS_DIR)/ShoeConverter.app/ShoeConverter";
			};
			name = Release;
		};
/* End XCBuildConfiguration section */

/* Begin XCConfigurationList section */
		2653A5701AFF75C0004D9B87 /* Build configuration list for PBXProject "ShoeConverter" */ = {
			isa = XCConfigurationList;
			buildConfigurations = (
				2653A5921AFF75C0004D9B87 /* Debug */,
				2653A5931AFF75C0004D9B87 /* Release */,
			);
			defaultConfigurationIsVisible = 0;
			defaultConfigurationName = Release;
		};
		2653A5941AFF75C0004D9B87 /* Build configuration list for PBXNativeTarget "ShoeConverter" */ = {
			isa = XCConfigurationList;
			buildConfigurations = (
				2653A5951AFF75C0004D9B87 /* Debug */,
				2653A5961AFF75C0004D9B87 /* Release */,
			);
			defaultConfigurationIsVisible = 0;
		};
		2653A5971AFF75C0004D9B87 /* Build configuration list for PBXNativeTarget "ShoeConverterTests" */ = {
			isa = XCConfigurationList;
			buildConfigurations = (
				2653A5981AFF75C0004D9B87 /* Debug */,
				2653A5991AFF75C0004D9B87 /* Release */,
			);
			defaultConfigurationIsVisible = 0;
		};
/* End XCConfigurationList section */
	};
	rootObject = 2653A56D1AFF75C0004D9B87 /* Project object */;
}
